// !$*UTF8*$!
{
	archiveVersion = 1;
	classes = {
	};
	objectVersion = 50;
	objects = {

/* Begin PBXBuildFile section */
		9DDBF4B5216032480077D0C2 /* AppDelegate.swift in Sources */ = {isa = PBXBuildFile; fileRef = 9DDBF4B4216032480077D0C2 /* AppDelegate.swift */; };
		9DDBF4B7216032480077D0C2 /* ViewController.swift in Sources */ = {isa = PBXBuildFile; fileRef = 9DDBF4B6216032480077D0C2 /* ViewController.swift */; };
		9DDBF4BA216032480077D0C2 /* Main.storyboard in Resources */ = {isa = PBXBuildFile; fileRef = 9DDBF4B8216032480077D0C2 /* Main.storyboard */; };
		9DDBF4BC216032490077D0C2 /* Assets.xcassets in Resources */ = {isa = PBXBuildFile; fileRef = 9DDBF4BB216032490077D0C2 /* Assets.xcassets */; };
		9DDBF4BF216032490077D0C2 /* LaunchScreen.storyboard in Resources */ = {isa = PBXBuildFile; fileRef = 9DDBF4BD216032490077D0C2 /* LaunchScreen.storyboard */; };
		9DDBF4CA216032490077D0C2 /* HelloTests.swift in Sources */ = {isa = PBXBuildFile; fileRef = 9DDBF4C9216032490077D0C2 /* HelloTests.swift */; };
		9DDBF4D5216032490077D0C2 /* HelloUITests.swift in Sources */ = {isa = PBXBuildFile; fileRef = 9DDBF4D4216032490077D0C2 /* HelloUITests.swift */; };
/* End PBXBuildFile section */

/* Begin PBXContainerItemProxy section */
		9DDBF4C6216032490077D0C2 /* PBXContainerItemProxy */ = {
			isa = PBXContainerItemProxy;
			containerPortal = 9DDBF4A9216032480077D0C2 /* Project object */;
			proxyType = 1;
			remoteGlobalIDString = 9DDBF4B0216032480077D0C2;
			remoteInfo = Hello;
		};
		9DDBF4D1216032490077D0C2 /* PBXContainerItemProxy */ = {
			isa = PBXContainerItemProxy;
			containerPortal = 9DDBF4A9216032480077D0C2 /* Project object */;
			proxyType = 1;
			remoteGlobalIDString = 9DDBF4B0216032480077D0C2;
			remoteInfo = Hello;
		};
/* End PBXContainerItemProxy section */

/* Begin PBXFileReference section */
		9DDBF4B1216032480077D0C2 /* Hello.app */ = {isa = PBXFileReference; explicitFileType = wrapper.application; includeInIndex = 0; path = Hello.app; sourceTree = BUILT_PRODUCTS_DIR; };
		9DDBF4B4216032480077D0C2 /* AppDelegate.swift */ = {isa = PBXFileReference; lastKnownFileType = sourcecode.swift; path = AppDelegate.swift; sourceTree = "<group>"; };
		9DDBF4B6216032480077D0C2 /* ViewController.swift */ = {isa = PBXFileReference; lastKnownFileType = sourcecode.swift; path = ViewController.swift; sourceTree = "<group>"; };
		9DDBF4B9216032480077D0C2 /* Base */ = {isa = PBXFileReference; lastKnownFileType = file.storyboard; name = Base; path = Base.lproj/Main.storyboard; sourceTree = "<group>"; };
		9DDBF4BB216032490077D0C2 /* Assets.xcassets */ = {isa = PBXFileReference; lastKnownFileType = folder.assetcatalog; path = Assets.xcassets; sourceTree = "<group>"; };
		9DDBF4BE216032490077D0C2 /* Base */ = {isa = PBXFileReference; lastKnownFileType = file.storyboard; name = Base; path = Base.lproj/LaunchScreen.storyboard; sourceTree = "<group>"; };
		9DDBF4C0216032490077D0C2 /* Info.plist */ = {isa = PBXFileReference; lastKnownFileType = text.plist.xml; path = Info.plist; sourceTree = "<group>"; };
		9DDBF4C5216032490077D0C2 /* HelloTests.xctest */ = {isa = PBXFileReference; explicitFileType = wrapper.cfbundle; includeInIndex = 0; path = HelloTests.xctest; sourceTree = BUILT_PRODUCTS_DIR; };
		9DDBF4C9216032490077D0C2 /* HelloTests.swift */ = {isa = PBXFileReference; lastKnownFileType = sourcecode.swift; path = HelloTests.swift; sourceTree = "<group>"; };
		9DDBF4CB216032490077D0C2 /* Info.plist */ = {isa = PBXFileReference; lastKnownFileType = text.plist.xml; path = Info.plist; sourceTree = "<group>"; };
		9DDBF4D0216032490077D0C2 /* HelloUITests.xctest */ = {isa = PBXFileReference; explicitFileType = wrapper.cfbundle; includeInIndex = 0; path = HelloUITests.xctest; sourceTree = BUILT_PRODUCTS_DIR; };
		9DDBF4D4216032490077D0C2 /* HelloUITests.swift */ = {isa = PBXFileReference; lastKnownFileType = sourcecode.swift; path = HelloUITests.swift; sourceTree = "<group>"; };
		9DDBF4D6216032490077D0C2 /* Info.plist */ = {isa = PBXFileReference; lastKnownFileType = text.plist.xml; path = Info.plist; sourceTree = "<group>"; };
/* End PBXFileReference section */

/* Begin PBXFrameworksBuildPhase section */
		9DDBF4AE216032480077D0C2 /* Frameworks */ = {
			isa = PBXFrameworksBuildPhase;
			buildActionMask = 2147483647;
			files = (
			);
			runOnlyForDeploymentPostprocessing = 0;
		};
		9DDBF4C2216032490077D0C2 /* Frameworks */ = {
			isa = PBXFrameworksBuildPhase;
			buildActionMask = 2147483647;
			files = (
			);
			runOnlyForDeploymentPostprocessing = 0;
		};
		9DDBF4CD216032490077D0C2 /* Frameworks */ = {
			isa = PBXFrameworksBuildPhase;
			buildActionMask = 2147483647;
			files = (
			);
			runOnlyForDeploymentPostprocessing = 0;
		};
/* End PBXFrameworksBuildPhase section */

/* Begin PBXGroup section */
		9DDBF4A8216032480077D0C2 = {
			isa = PBXGroup;
			children = (
				9DDBF4B3216032480077D0C2 /* Hello */,
				9DDBF4C8216032490077D0C2 /* HelloTests */,
				9DDBF4D3216032490077D0C2 /* HelloUITests */,
				9DDBF4B2216032480077D0C2 /* Products */,
			);
			sourceTree = "<group>";
		};
		9DDBF4B2216032480077D0C2 /* Products */ = {
			isa = PBXGroup;
			children = (
				9DDBF4B1216032480077D0C2 /* Hello.app */,
				9DDBF4C5216032490077D0C2 /* HelloTests.xctest */,
				9DDBF4D0216032490077D0C2 /* HelloUITests.xctest */,
			);
			name = Products;
			sourceTree = "<group>";
		};
		9DDBF4B3216032480077D0C2 /* Hello */ = {
			isa = PBXGroup;
			children = (
				9DDBF4B4216032480077D0C2 /* AppDelegate.swift */,
				9DDBF4B6216032480077D0C2 /* ViewController.swift */,
				9DDBF4B8216032480077D0C2 /* Main.storyboard */,
				9DDBF4BB216032490077D0C2 /* Assets.xcassets */,
				9DDBF4BD216032490077D0C2 /* LaunchScreen.storyboard */,
				9DDBF4C0216032490077D0C2 /* Info.plist */,
			);
			path = Hello;
			sourceTree = "<group>";
		};
		9DDBF4C8216032490077D0C2 /* HelloTests */ = {
			isa = PBXGroup;
			children = (
				9DDBF4C9216032490077D0C2 /* HelloTests.swift */,
				9DDBF4CB216032490077D0C2 /* Info.plist */,
			);
			path = HelloTests;
			sourceTree = "<group>";
		};
		9DDBF4D3216032490077D0C2 /* HelloUITests */ = {
			isa = PBXGroup;
			children = (
				9DDBF4D4216032490077D0C2 /* HelloUITests.swift */,
				9DDBF4D6216032490077D0C2 /* Info.plist */,
			);
			path = HelloUITests;
			sourceTree = "<group>";
		};
/* End PBXGroup section */

/* Begin PBXNativeTarget section */
		9DDBF4B0216032480077D0C2 /* Hello */ = {
			isa = PBXNativeTarget;
			buildConfigurationList = 9DDBF4D9216032490077D0C2 /* Build configuration list for PBXNativeTarget "Hello" */;
			buildPhases = (
				9DDBF4AD216032480077D0C2 /* Sources */,
				9DDBF4AE216032480077D0C2 /* Frameworks */,
				9DDBF4AF216032480077D0C2 /* Resources */,
			);
			buildRules = (
			);
			dependencies = (
			);
			name = Hello;
			productName = Hello;
			productReference = 9DDBF4B1216032480077D0C2 /* Hello.app */;
			productType = "com.apple.product-type.application";
		};
		9DDBF4C4216032490077D0C2 /* HelloTests */ = {
			isa = PBXNativeTarget;
			buildConfigurationList = 9DDBF4DC216032490077D0C2 /* Build configuration list for PBXNativeTarget "HelloTests" */;
			buildPhases = (
				9DDBF4C1216032490077D0C2 /* Sources */,
				9DDBF4C2216032490077D0C2 /* Frameworks */,
				9DDBF4C3216032490077D0C2 /* Resources */,
			);
			buildRules = (
			);
			dependencies = (
				9DDBF4C7216032490077D0C2 /* PBXTargetDependency */,
			);
			name = HelloTests;
			productName = HelloTests;
			productReference = 9DDBF4C5216032490077D0C2 /* HelloTests.xctest */;
			productType = "com.apple.product-type.bundle.unit-test";
		};
		9DDBF4CF216032490077D0C2 /* HelloUITests */ = {
			isa = PBXNativeTarget;
			buildConfigurationList = 9DDBF4DF216032490077D0C2 /* Build configuration list for PBXNativeTarget "HelloUITests" */;
			buildPhases = (
				9DDBF4CC216032490077D0C2 /* Sources */,
				9DDBF4CD216032490077D0C2 /* Frameworks */,
				9DDBF4CE216032490077D0C2 /* Resources */,
			);
			buildRules = (
			);
			dependencies = (
				9DDBF4D2216032490077D0C2 /* PBXTargetDependency */,
			);
			name = HelloUITests;
			productName = HelloUITests;
			productReference = 9DDBF4D0216032490077D0C2 /* HelloUITests.xctest */;
			productType = "com.apple.product-type.bundle.ui-testing";
		};
/* End PBXNativeTarget section */

/* Begin PBXProject section */
		9DDBF4A9216032480077D0C2 /* Project object */ = {
			isa = PBXProject;
			attributes = {
				LastSwiftUpdateCheck = 1000;
				LastUpgradeCheck = 1000;
				ORGANIZATIONNAME = iGuest;
				TargetAttributes = {
					9DDBF4B0216032480077D0C2 = {
						CreatedOnToolsVersion = 10.0;
					};
					9DDBF4C4216032490077D0C2 = {
						CreatedOnToolsVersion = 10.0;
						TestTargetID = 9DDBF4B0216032480077D0C2;
					};
					9DDBF4CF216032490077D0C2 = {
						CreatedOnToolsVersion = 10.0;
						TestTargetID = 9DDBF4B0216032480077D0C2;
					};
				};
			};
			buildConfigurationList = 9DDBF4AC216032480077D0C2 /* Build configuration list for PBXProject "Hello" */;
			compatibilityVersion = "Xcode 9.3";
			developmentRegion = en;
			hasScannedForEncodings = 0;
			knownRegions = (
				en,
				Base,
			);
			mainGroup = 9DDBF4A8216032480077D0C2;
			productRefGroup = 9DDBF4B2216032480077D0C2 /* Products */;
			projectDirPath = "";
			projectRoot = "";
			targets = (
				9DDBF4B0216032480077D0C2 /* Hello */,
				9DDBF4C4216032490077D0C2 /* HelloTests */,
				9DDBF4CF216032490077D0C2 /* HelloUITests */,
			);
		};
/* End PBXProject section */

/* Begin PBXResourcesBuildPhase section */
		9DDBF4AF216032480077D0C2 /* Resources */ = {
			isa = PBXResourcesBuildPhase;
			buildActionMask = 2147483647;
			files = (
				9DDBF4BF216032490077D0C2 /* LaunchScreen.storyboard in Resources */,
				9DDBF4BC216032490077D0C2 /* Assets.xcassets in Resources */,
				9DDBF4BA216032480077D0C2 /* Main.storyboard in Resources */,
			);
			runOnlyForDeploymentPostprocessing = 0;
		};
		9DDBF4C3216032490077D0C2 /* Resources */ = {
			isa = PBXResourcesBuildPhase;
			buildActionMask = 2147483647;
			files = (
			);
			runOnlyForDeploymentPostprocessing = 0;
		};
		9DDBF4CE216032490077D0C2 /* Resources */ = {
			isa = PBXResourcesBuildPhase;
			buildActionMask = 2147483647;
			files = (
			);
			runOnlyForDeploymentPostprocessing = 0;
		};
/* End PBXResourcesBuildPhase section */

/* Begin PBXSourcesBuildPhase section */
		9DDBF4AD216032480077D0C2 /* Sources */ = {
			isa = PBXSourcesBuildPhase;
			buildActionMask = 2147483647;
			files = (
				9DDBF4B7216032480077D0C2 /* ViewController.swift in Sources */,
				9DDBF4B5216032480077D0C2 /* AppDelegate.swift in Sources */,
			);
			runOnlyForDeploymentPostprocessing = 0;
		};
		9DDBF4C1216032490077D0C2 /* Sources */ = {
			isa = PBXSourcesBuildPhase;
			buildActionMask = 2147483647;
			files = (
				9DDBF4CA216032490077D0C2 /* HelloTests.swift in Sources */,
			);
			runOnlyForDeploymentPostprocessing = 0;
		};
		9DDBF4CC216032490077D0C2 /* Sources */ = {
			isa = PBXSourcesBuildPhase;
			buildActionMask = 2147483647;
			files = (
				9DDBF4D5216032490077D0C2 /* HelloUITests.swift in Sources */,
			);
			runOnlyForDeploymentPostprocessing = 0;
		};
/* End PBXSourcesBuildPhase section */

/* Begin PBXTargetDependency section */
		9DDBF4C7216032490077D0C2 /* PBXTargetDependency */ = {
			isa = PBXTargetDependency;
			target = 9DDBF4B0216032480077D0C2 /* Hello */;
			targetProxy = 9DDBF4C6216032490077D0C2 /* PBXContainerItemProxy */;
		};
		9DDBF4D2216032490077D0C2 /* PBXTargetDependency */ = {
			isa = PBXTargetDependency;
			target = 9DDBF4B0216032480077D0C2 /* Hello */;
			targetProxy = 9DDBF4D1216032490077D0C2 /* PBXContainerItemProxy */;
		};
/* End PBXTargetDependency section */

/* Begin PBXVariantGroup section */
		9DDBF4B8216032480077D0C2 /* Main.storyboard */ = {
			isa = PBXVariantGroup;
			children = (
				9DDBF4B9216032480077D0C2 /* Base */,
			);
			name = Main.storyboard;
			sourceTree = "<group>";
		};
		9DDBF4BD216032490077D0C2 /* LaunchScreen.storyboard */ = {
			isa = PBXVariantGroup;
			children = (
				9DDBF4BE216032490077D0C2 /* Base */,
			);
			name = LaunchScreen.storyboard;
			sourceTree = "<group>";
		};
/* End PBXVariantGroup section */

/* Begin XCBuildConfiguration section */
		9DDBF4D7216032490077D0C2 /* Debug */ = {
			isa = XCBuildConfiguration;
			buildSettings = {
				ALWAYS_SEARCH_USER_PATHS = NO;
				CLANG_ANALYZER_NONNULL = YES;
				CLANG_ANALYZER_NUMBER_OBJECT_CONVERSION = YES_AGGRESSIVE;
				CLANG_CXX_LANGUAGE_STANDARD = "gnu++14";
				CLANG_CXX_LIBRARY = "libc++";
				CLANG_ENABLE_MODULES = YES;
				CLANG_ENABLE_OBJC_ARC = YES;
				CLANG_ENABLE_OBJC_WEAK = YES;
				CLANG_WARN_BLOCK_CAPTURE_AUTORELEASING = YES;
				CLANG_WARN_BOOL_CONVERSION = YES;
				CLANG_WARN_COMMA = YES;
				CLANG_WARN_CONSTANT_CONVERSION = YES;
				CLANG_WARN_DEPRECATED_OBJC_IMPLEMENTATIONS = YES;
				CLANG_WARN_DIRECT_OBJC_ISA_USAGE = YES_ERROR;
				CLANG_WARN_DOCUMENTATION_COMMENTS = YES;
				CLANG_WARN_EMPTY_BODY = YES;
				CLANG_WARN_ENUM_CONVERSION = YES;
				CLANG_WARN_INFINITE_RECURSION = YES;
				CLANG_WARN_INT_CONVERSION = YES;
				CLANG_WARN_NON_LITERAL_NULL_CONVERSION = YES;
				CLANG_WARN_OBJC_IMPLICIT_RETAIN_SELF = YES;
				CLANG_WARN_OBJC_LITERAL_CONVERSION = YES;
				CLANG_WARN_OBJC_ROOT_CLASS = YES_ERROR;
				CLANG_WARN_RANGE_LOOP_ANALYSIS = YES;
				CLANG_WARN_STRICT_PROTOTYPES = YES;
				CLANG_WARN_SUSPICIOUS_MOVE = YES;
				CLANG_WARN_UNGUARDED_AVAILABILITY = YES_AGGRESSIVE;
				CLANG_WARN_UNREACHABLE_CODE = YES;
				CLANG_WARN__DUPLICATE_METHOD_MATCH = YES;
				CODE_SIGN_IDENTITY = "iPhone Developer";
				COPY_PHASE_STRIP = NO;
				DEBUG_INFORMATION_FORMAT = dwarf;
				ENABLE_STRICT_OBJC_MSGSEND = YES;
				ENABLE_TESTABILITY = YES;
				GCC_C_LANGUAGE_STANDARD = gnu11;
				GCC_DYNAMIC_NO_PIC = NO;
				GCC_NO_COMMON_BLOCKS = YES;
				GCC_OPTIMIZATION_LEVEL = 0;
				GCC_PREPROCESSOR_DEFINITIONS = (
					"DEBUG=1",
					"$(inherited)",
				);
				GCC_WARN_64_TO_32_BIT_CONVERSION = YES;
				GCC_WARN_ABOUT_RETURN_TYPE = YES_ERROR;
				GCC_WARN_UNDECLARED_SELECTOR = YES;
				GCC_WARN_UNINITIALIZED_AUTOS = YES_AGGRESSIVE;
				GCC_WARN_UNUSED_FUNCTION = YES;
				GCC_WARN_UNUSED_VARIABLE = YES;
				IPHONEOS_DEPLOYMENT_TARGET = 12.0;
				MTL_ENABLE_DEBUG_INFO = INCLUDE_SOURCE;
				MTL_FAST_MATH = YES;
				ONLY_ACTIVE_ARCH = YES;
				SDKROOT = iphoneos;
				SWIFT_ACTIVE_COMPILATION_CONDITIONS = DEBUG;
				SWIFT_OPTIMIZATION_LEVEL = "-Onone";
			};
			name = Debug;
		};
		9DDBF4D8216032490077D0C2 /* Release */ = {
			isa = XCBuildConfiguration;
			buildSettings = {
				ALWAYS_SEARCH_USER_PATHS = NO;
				CLANG_ANALYZER_NONNULL = YES;
				CLANG_ANALYZER_NUMBER_OBJECT_CONVERSION = YES_AGGRESSIVE;
				CLANG_CXX_LANGUAGE_STANDARD = "gnu++14";
				CLANG_CXX_LIBRARY = "libc++";
				CLANG_ENABLE_MODULES = YES;
				CLANG_ENABLE_OBJC_ARC = YES;
				CLANG_ENABLE_OBJC_WEAK = YES;
				CLANG_WARN_BLOCK_CAPTURE_AUTORELEASING = YES;
				CLANG_WARN_BOOL_CONVERSION = YES;
				CLANG_WARN_COMMA = YES;
				CLANG_WARN_CONSTANT_CONVERSION = YES;
				CLANG_WARN_DEPRECATED_OBJC_IMPLEMENTATIONS = YES;
				CLANG_WARN_DIRECT_OBJC_ISA_USAGE = YES_ERROR;
				CLANG_WARN_DOCUMENTATION_COMMENTS = YES;
				CLANG_WARN_EMPTY_BODY = YES;
				CLANG_WARN_ENUM_CONVERSION = YES;
				CLANG_WARN_INFINITE_RECURSION = YES;
				CLANG_WARN_INT_CONVERSION = YES;
				CLANG_WARN_NON_LITERAL_NULL_CONVERSION = YES;
				CLANG_WARN_OBJC_IMPLICIT_RETAIN_SELF = YES;
				CLANG_WARN_OBJC_LITERAL_CONVERSION = YES;
				CLANG_WARN_OBJC_ROOT_CLASS = YES_ERROR;
				CLANG_WARN_RANGE_LOOP_ANALYSIS = YES;
				CLANG_WARN_STRICT_PROTOTYPES = YES;
				CLANG_WARN_SUSPICIOUS_MOVE = YES;
				CLANG_WARN_UNGUARDED_AVAILABILITY = YES_AGGRESSIVE;
				CLANG_WARN_UNREACHABLE_CODE = YES;
				CLANG_WARN__DUPLICATE_METHOD_MATCH = YES;
				CODE_SIGN_IDENTITY = "iPhone Developer";
				COPY_PHASE_STRIP = NO;
				DEBUG_INFORMATION_FORMAT = "dwarf-with-dsym";
				ENABLE_NS_ASSERTIONS = NO;
				ENABLE_STRICT_OBJC_MSGSEND = YES;
				GCC_C_LANGUAGE_STANDARD = gnu11;
				GCC_NO_COMMON_BLOCKS = YES;
				GCC_WARN_64_TO_32_BIT_CONVERSION = YES;
				GCC_WARN_ABOUT_RETURN_TYPE = YES_ERROR;
				GCC_WARN_UNDECLARED_SELECTOR = YES;
				GCC_WARN_UNINITIALIZED_AUTOS = YES_AGGRESSIVE;
				GCC_WARN_UNUSED_FUNCTION = YES;
				GCC_WARN_UNUSED_VARIABLE = YES;
				IPHONEOS_DEPLOYMENT_TARGET = 12.0;
				MTL_ENABLE_DEBUG_INFO = NO;
				MTL_FAST_MATH = YES;
				SDKROOT = iphoneos;
				SWIFT_COMPILATION_MODE = wholemodule;
				SWIFT_OPTIMIZATION_LEVEL = "-O";
				VALIDATE_PRODUCT = YES;
			};
			name = Release;
		};
		9DDBF4DA216032490077D0C2 /* Debug */ = {
			isa = XCBuildConfiguration;
			buildSettings = {
				ASSETCATALOG_COMPILER_APPICON_NAME = AppIcon;
				CODE_SIGN_STYLE = Automatic;
				DEVELOPMENT_TEAM = 69XN34A39B;
				INFOPLIST_FILE = Hello/Info.plist;
				LD_RUNPATH_SEARCH_PATHS = (
					"$(inherited)",
					"@executable_path/Frameworks",
				);
				PRODUCT_BUNDLE_IDENTIFIER = com.jes4u.Hello.Hello;
				PRODUCT_NAME = "$(TARGET_NAME)";
				SWIFT_VERSION = 4.2;
				TARGETED_DEVICE_FAMILY = "1,2";
			};
			name = Debug;
		};
		9DDBF4DB216032490077D0C2 /* Release */ = {
			isa = XCBuildConfiguration;
			buildSettings = {
				ASSETCATALOG_COMPILER_APPICON_NAME = AppIcon;
				CODE_SIGN_STYLE = Automatic;
				DEVELOPMENT_TEAM = 69XN34A39B;
				INFOPLIST_FILE = Hello/Info.plist;
				LD_RUNPATH_SEARCH_PATHS = (
					"$(inherited)",
					"@executable_path/Frameworks",
				);
				PRODUCT_BUNDLE_IDENTIFIER = com.jes4u.Hello.Hello;
				PRODUCT_NAME = "$(TARGET_NAME)";
				SWIFT_VERSION = 4.2;
				TARGETED_DEVICE_FAMILY = "1,2";
			};
			name = Release;
		};
		9DDBF4DD216032490077D0C2 /* Debug */ = {
			isa = XCBuildConfiguration;
			buildSettings = {
				ALWAYS_EMBED_SWIFT_STANDARD_LIBRARIES = YES;
				BUNDLE_LOADER = "$(TEST_HOST)";
				CODE_SIGN_STYLE = Automatic;
				INFOPLIST_FILE = HelloTests/Info.plist;
				LD_RUNPATH_SEARCH_PATHS = (
					"$(inherited)",
					"@executable_path/Frameworks",
					"@loader_path/Frameworks",
				);
				PRODUCT_BUNDLE_IDENTIFIER = com.jes4u.Hello.HelloTests;
				PRODUCT_NAME = "$(TARGET_NAME)";
				SWIFT_VERSION = 4.2;
				TARGETED_DEVICE_FAMILY = "1,2";
				TEST_HOST = "$(BUILT_PRODUCTS_DIR)/Hello.app/Hello";
			};
			name = Debug;
		};
		9DDBF4DE216032490077D0C2 /* Release */ = {
			isa = XCBuildConfiguration;
			buildSettings = {
				ALWAYS_EMBED_SWIFT_STANDARD_LIBRARIES = YES;
				BUNDLE_LOADER = "$(TEST_HOST)";
				CODE_SIGN_STYLE = Automatic;
				INFOPLIST_FILE = HelloTests/Info.plist;
				LD_RUNPATH_SEARCH_PATHS = (
					"$(inherited)",
					"@executable_path/Frameworks",
					"@loader_path/Frameworks",
				);
				PRODUCT_BUNDLE_IDENTIFIER = com.jes4u.Hello.HelloTests;
				PRODUCT_NAME = "$(TARGET_NAME)";
				SWIFT_VERSION = 4.2;
				TARGETED_DEVICE_FAMILY = "1,2";
				TEST_HOST = "$(BUILT_PRODUCTS_DIR)/Hello.app/Hello";
			};
			name = Release;
		};
		9DDBF4E0216032490077D0C2 /* Debug */ = {
			isa = XCBuildConfiguration;
			buildSettings = {
				ALWAYS_EMBED_SWIFT_STANDARD_LIBRARIES = YES;
				CODE_SIGN_STYLE = Automatic;
				INFOPLIST_FILE = HelloUITests/Info.plist;
				LD_RUNPATH_SEARCH_PATHS = (
					"$(inherited)",
					"@executable_path/Frameworks",
					"@loader_path/Frameworks",
				);
				PRODUCT_BUNDLE_IDENTIFIER = com.jes4u.Hello.HelloUITests;
				PRODUCT_NAME = "$(TARGET_NAME)";
				SWIFT_VERSION = 4.2;
				TARGETED_DEVICE_FAMILY = "1,2";
				TEST_TARGET_NAME = Hello;
			};
			name = Debug;
		};
		9DDBF4E1216032490077D0C2 /* Release */ = {
			isa = XCBuildConfiguration;
			buildSettings = {
				ALWAYS_EMBED_SWIFT_STANDARD_LIBRARIES = YES;
				CODE_SIGN_STYLE = Automatic;
				INFOPLIST_FILE = HelloUITests/Info.plist;
				LD_RUNPATH_SEARCH_PATHS = (
					"$(inherited)",
					"@executable_path/Frameworks",
					"@loader_path/Frameworks",
				);
				PRODUCT_BUNDLE_IDENTIFIER = com.jes4u.Hello.HelloUITests;
				PRODUCT_NAME = "$(TARGET_NAME)";
				SWIFT_VERSION = 4.2;
				TARGETED_DEVICE_FAMILY = "1,2";
				TEST_TARGET_NAME = Hello;
			};
			name = Release;
		};
/* End XCBuildConfiguration section */

/* Begin XCConfigurationList section */
		9DDBF4AC216032480077D0C2 /* Build configuration list for PBXProject "Hello" */ = {
			isa = XCConfigurationList;
			buildConfigurations = (
				9DDBF4D7216032490077D0C2 /* Debug */,
				9DDBF4D8216032490077D0C2 /* Release */,
			);
			defaultConfigurationIsVisible = 0;
			defaultConfigurationName = Release;
		};
		9DDBF4D9216032490077D0C2 /* Build configuration list for PBXNativeTarget "Hello" */ = {
			isa = XCConfigurationList;
			buildConfigurations = (
				9DDBF4DA216032490077D0C2 /* Debug */,
				9DDBF4DB216032490077D0C2 /* Release */,
			);
			defaultConfigurationIsVisible = 0;
			defaultConfigurationName = Release;
		};
		9DDBF4DC216032490077D0C2 /* Build configuration list for PBXNativeTarget "HelloTests" */ = {
			isa = XCConfigurationList;
			buildConfigurations = (
				9DDBF4DD216032490077D0C2 /* Debug */,
				9DDBF4DE216032490077D0C2 /* Release */,
			);
			defaultConfigurationIsVisible = 0;
			defaultConfigurationName = Release;
		};
		9DDBF4DF216032490077D0C2 /* Build configuration list for PBXNativeTarget "HelloUITests" */ = {
			isa = XCConfigurationList;
			buildConfigurations = (
				9DDBF4E0216032490077D0C2 /* Debug */,
				9DDBF4E1216032490077D0C2 /* Release */,
			);
			defaultConfigurationIsVisible = 0;
			defaultConfigurationName = Release;
		};
/* End XCConfigurationList section */
	};
	rootObject = 9DDBF4A9216032480077D0C2 /* Project object */;
}
